
Microsoft Visual Studio Solution File, Format Version 12.00
# Visual Studio 15
VisualStudioVersion = 15.0.28010.2003
MinimumVisualStudioVersion = 10.0.40219.1
Project("{FAE04EC0-301F-11D3-BF4B-00C04F79EFBC}") = "Exerc1Calculadora", "Exerc1Calculadora\Exerc1Calculadora.csproj", "{86461862-CD15-424C-B955-F8FDF4E314B7}"
EndProject
Global
	GlobalSection(SolutionConfigurationPlatforms) = preSolution
		Debug|Any CPU = Debug|Any CPU
		Release|Any CPU = Release|Any CPU
	EndGlobalSection
	GlobalSection(ProjectConfigurationPlatforms) = postSolution
		{86461862-CD15-424C-B955-F8FDF4E314B7}.Debug|Any CPU.ActiveCfg = Debug|Any CPU
		{86461862-CD15-424C-B955-F8FDF4E314B7}.Debug|Any CPU.Build.0 = Debug|Any CPU
		{86461862-CD15-424C-B955-F8FDF4E314B7}.Release|Any CPU.ActiveCfg = Release|Any CPU
		{86461862-CD15-424C-B955-F8FDF4E314B7}.Release|Any CPU.Build.0 = Release|Any CPU
	EndGlobalSection
	GlobalSection(SolutionProperties) = preSolution
		HideSolutionNode = FALSE
	EndGlobalSection
	GlobalSection(ExtensibilityGlobals) = postSolution
		SolutionGuid = {CCFFEE8D-9D6F-4CC5-A571-2DEB0666FB6A}
	EndGlobalSection
EndGlobal
